
Microsoft Visual Studio Solution File, Format Version 12.00
# Visual Studio 15
VisualStudioVersion = 15.0.26124.0
MinimumVisualStudioVersion = 15.0.26124.0
Project("{FAE04EC0-301F-11D3-BF4B-00C04F79EFBC}") = "WebApp", "WebApp\WebApp.csproj", "{ADC9CB50-86C6-427D-B1BA-AAC38F7FF7D7}"
EndProject
Project("{FAE04EC0-301F-11D3-BF4B-00C04F79EFBC}") = "Services", "Services\Services.csproj", "{D7F77621-1A19-4214-9D20-08DB298B5D81}"
EndProject
Project("{FAE04EC0-301F-11D3-BF4B-00C04F79EFBC}") = "Model", "Model\Model.csproj", "{A4C94FE8-5555-4E77-BB24-7EF39C92416A}"
EndProject
Project("{FAE04EC0-301F-11D3-BF4B-00C04F79EFBC}") = "Logging", "Logging\Logging.csproj", "{2DAC9935-FCD6-498C-99C5-29988DC1BEEE}"
EndProject
Project("{FAE04EC0-301F-11D3-BF4B-00C04F79EFBC}") = "Services.Test", "Services.Test\Services.Test.csproj", "{D69893D3-69EE-45F4-9BE4-43532FCF5D84}"
EndProject
Project("{FAE04EC0-301F-11D3-BF4B-00C04F79EFBC}") = "WebApp.Test", "WebApp.Test\WebApp.Test.csproj", "{7DBFE77B-63BB-403B-AEA4-50D2777E7342}"
EndProject
Global
	GlobalSection(SolutionConfigurationPlatforms) = preSolution
		Debug|Any CPU = Debug|Any CPU
		Debug|x64 = Debug|x64
		Debug|x86 = Debug|x86
		Release|Any CPU = Release|Any CPU
		Release|x64 = Release|x64
		Release|x86 = Release|x86
	EndGlobalSection
	GlobalSection(SolutionProperties) = preSolution
		HideSolutionNode = FALSE
	EndGlobalSection
	GlobalSection(ProjectConfigurationPlatforms) = postSolution
		{96BBCFD2-3CB3-4E62-91DC-E1DB7034D38E}.Debug|Any CPU.ActiveCfg = Debug|Any CPU
		{96BBCFD2-3CB3-4E62-91DC-E1DB7034D38E}.Debug|Any CPU.Build.0 = Debug|Any CPU
		{96BBCFD2-3CB3-4E62-91DC-E1DB7034D38E}.Debug|x64.ActiveCfg = Debug|Any CPU
		{96BBCFD2-3CB3-4E62-91DC-E1DB7034D38E}.Debug|x64.Build.0 = Debug|Any CPU
		{96BBCFD2-3CB3-4E62-91DC-E1DB7034D38E}.Debug|x86.ActiveCfg = Debug|Any CPU
		{96BBCFD2-3CB3-4E62-91DC-E1DB7034D38E}.Debug|x86.Build.0 = Debug|Any CPU
		{96BBCFD2-3CB3-4E62-91DC-E1DB7034D38E}.Release|Any CPU.ActiveCfg = Release|Any CPU
		{96BBCFD2-3CB3-4E62-91DC-E1DB7034D38E}.Release|Any CPU.Build.0 = Release|Any CPU
		{96BBCFD2-3CB3-4E62-91DC-E1DB7034D38E}.Release|x64.ActiveCfg = Release|Any CPU
		{96BBCFD2-3CB3-4E62-91DC-E1DB7034D38E}.Release|x64.Build.0 = Release|Any CPU
		{96BBCFD2-3CB3-4E62-91DC-E1DB7034D38E}.Release|x86.ActiveCfg = Release|Any CPU
		{96BBCFD2-3CB3-4E62-91DC-E1DB7034D38E}.Release|x86.Build.0 = Release|Any CPU
		{ADC9CB50-86C6-427D-B1BA-AAC38F7FF7D7}.Debug|Any CPU.ActiveCfg = Debug|Any CPU
		{ADC9CB50-86C6-427D-B1BA-AAC38F7FF7D7}.Debug|Any CPU.Build.0 = Debug|Any CPU
		{ADC9CB50-86C6-427D-B1BA-AAC38F7FF7D7}.Debug|x64.ActiveCfg = Debug|Any CPU
		{ADC9CB50-86C6-427D-B1BA-AAC38F7FF7D7}.Debug|x64.Build.0 = Debug|Any CPU
		{ADC9CB50-86C6-427D-B1BA-AAC38F7FF7D7}.Debug|x86.ActiveCfg = Debug|Any CPU
		{ADC9CB50-86C6-427D-B1BA-AAC38F7FF7D7}.Debug|x86.Build.0 = Debug|Any CPU
		{ADC9CB50-86C6-427D-B1BA-AAC38F7FF7D7}.Release|Any CPU.ActiveCfg = Release|Any CPU
		{ADC9CB50-86C6-427D-B1BA-AAC38F7FF7D7}.Release|Any CPU.Build.0 = Release|Any CPU
		{ADC9CB50-86C6-427D-B1BA-AAC38F7FF7D7}.Release|x64.ActiveCfg = Release|Any CPU
		{ADC9CB50-86C6-427D-B1BA-AAC38F7FF7D7}.Release|x64.Build.0 = Release|Any CPU
		{ADC9CB50-86C6-427D-B1BA-AAC38F7FF7D7}.Release|x86.ActiveCfg = Release|Any CPU
		{ADC9CB50-86C6-427D-B1BA-AAC38F7FF7D7}.Release|x86.Build.0 = Release|Any CPU
		{D7F77621-1A19-4214-9D20-08DB298B5D81}.Debug|Any CPU.ActiveCfg = Debug|Any CPU
		{D7F77621-1A19-4214-9D20-08DB298B5D81}.Debug|Any CPU.Build.0 = Debug|Any CPU
		{D7F77621-1A19-4214-9D20-08DB298B5D81}.Debug|x64.ActiveCfg = Debug|Any CPU
		{D7F77621-1A19-4214-9D20-08DB298B5D81}.Debug|x64.Build.0 = Debug|Any CPU
		{D7F77621-1A19-4214-9D20-08DB298B5D81}.Debug|x86.ActiveCfg = Debug|Any CPU
		{D7F77621-1A19-4214-9D20-08DB298B5D81}.Debug|x86.Build.0 = Debug|Any CPU
		{D7F77621-1A19-4214-9D20-08DB298B5D81}.Release|Any CPU.ActiveCfg = Release|Any CPU
		{D7F77621-1A19-4214-9D20-08DB298B5D81}.Release|Any CPU.Build.0 = Release|Any CPU
		{D7F77621-1A19-4214-9D20-08DB298B5D81}.Release|x64.ActiveCfg = Release|Any CPU
		{D7F77621-1A19-4214-9D20-08DB298B5D81}.Release|x64.Build.0 = Release|Any CPU
		{D7F77621-1A19-4214-9D20-08DB298B5D81}.Release|x86.ActiveCfg = Release|Any CPU
		{D7F77621-1A19-4214-9D20-08DB298B5D81}.Release|x86.Build.0 = Release|Any CPU
		{A4C94FE8-5555-4E77-BB24-7EF39C92416A}.Debug|Any CPU.ActiveCfg = Debug|Any CPU
		{A4C94FE8-5555-4E77-BB24-7EF39C92416A}.Debug|Any CPU.Build.0 = Debug|Any CPU
		{A4C94FE8-5555-4E77-BB24-7EF39C92416A}.Debug|x64.ActiveCfg = Debug|Any CPU
		{A4C94FE8-5555-4E77-BB24-7EF39C92416A}.Debug|x64.Build.0 = Debug|Any CPU
		{A4C94FE8-5555-4E77-BB24-7EF39C92416A}.Debug|x86.ActiveCfg = Debug|Any CPU
		{A4C94FE8-5555-4E77-BB24-7EF39C92416A}.Debug|x86.Build.0 = Debug|Any CPU
		{A4C94FE8-5555-4E77-BB24-7EF39C92416A}.Release|Any CPU.ActiveCfg = Release|Any CPU
		{A4C94FE8-5555-4E77-BB24-7EF39C92416A}.Release|Any CPU.Build.0 = Release|Any CPU
		{A4C94FE8-5555-4E77-BB24-7EF39C92416A}.Release|x64.ActiveCfg = Release|Any CPU
		{A4C94FE8-5555-4E77-BB24-7EF39C92416A}.Release|x64.Build.0 = Release|Any CPU
		{A4C94FE8-5555-4E77-BB24-7EF39C92416A}.Release|x86.ActiveCfg = Release|Any CPU
		{A4C94FE8-5555-4E77-BB24-7EF39C92416A}.Release|x86.Build.0 = Release|Any CPU
		{2DAC9935-FCD6-498C-99C5-29988DC1BEEE}.Debug|Any CPU.ActiveCfg = Debug|Any CPU
		{2DAC9935-FCD6-498C-99C5-29988DC1BEEE}.Debug|Any CPU.Build.0 = Debug|Any CPU
		{2DAC9935-FCD6-498C-99C5-29988DC1BEEE}.Debug|x64.ActiveCfg = Debug|Any CPU
		{2DAC9935-FCD6-498C-99C5-29988DC1BEEE}.Debug|x64.Build.0 = Debug|Any CPU
		{2DAC9935-FCD6-498C-99C5-29988DC1BEEE}.Debug|x86.ActiveCfg = Debug|Any CPU
		{2DAC9935-FCD6-498C-99C5-29988DC1BEEE}.Debug|x86.Build.0 = Debug|Any CPU
		{2DAC9935-FCD6-498C-99C5-29988DC1BEEE}.Release|Any CPU.ActiveCfg = Release|Any CPU
		{2DAC9935-FCD6-498C-99C5-29988DC1BEEE}.Release|Any CPU.Build.0 = Release|Any CPU
		{2DAC9935-FCD6-498C-99C5-29988DC1BEEE}.Release|x64.ActiveCfg = Release|Any CPU
		{2DAC9935-FCD6-498C-99C5-29988DC1BEEE}.Release|x64.Build.0 = Release|Any CPU
		{2DAC9935-FCD6-498C-99C5-29988DC1BEEE}.Release|x86.ActiveCfg = Release|Any CPU
		{2DAC9935-FCD6-498C-99C5-29988DC1BEEE}.Release|x86.Build.0 = Release|Any CPU
		{D69893D3-69EE-45F4-9BE4-43532FCF5D84}.Debug|Any CPU.ActiveCfg = Debug|Any CPU
		{D69893D3-69EE-45F4-9BE4-43532FCF5D84}.Debug|Any CPU.Build.0 = Debug|Any CPU
		{D69893D3-69EE-45F4-9BE4-43532FCF5D84}.Debug|x64.ActiveCfg = Debug|Any CPU
		{D69893D3-69EE-45F4-9BE4-43532FCF5D84}.Debug|x64.Build.0 = Debug|Any CPU
		{D69893D3-69EE-45F4-9BE4-43532FCF5D84}.Debug|x86.ActiveCfg = Debug|Any CPU
		{D69893D3-69EE-45F4-9BE4-43532FCF5D84}.Debug|x86.Build.0 = Debug|Any CPU
		{D69893D3-69EE-45F4-9BE4-43532FCF5D84}.Release|Any CPU.ActiveCfg = Release|Any CPU
		{D69893D3-69EE-45F4-9BE4-43532FCF5D84}.Release|Any CPU.Build.0 = Release|Any CPU
		{D69893D3-69EE-45F4-9BE4-43532FCF5D84}.Release|x64.ActiveCfg = Release|Any CPU
		{D69893D3-69EE-45F4-9BE4-43532FCF5D84}.Release|x64.Build.0 = Release|Any CPU
		{D69893D3-69EE-45F4-9BE4-43532FCF5D84}.Release|x86.ActiveCfg = Release|Any CPU
		{D69893D3-69EE-45F4-9BE4-43532FCF5D84}.Release|x86.Build.0 = Release|Any CPU
		{7DBFE77B-63BB-403B-AEA4-50D2777E7342}.Debug|Any CPU.ActiveCfg = Debug|Any CPU
		{7DBFE77B-63BB-403B-AEA4-50D2777E7342}.Debug|Any CPU.Build.0 = Debug|Any CPU
		{7DBFE77B-63BB-403B-AEA4-50D2777E7342}.Debug|x64.ActiveCfg = Debug|Any CPU
		{7DBFE77B-63BB-403B-AEA4-50D2777E7342}.Debug|x64.Build.0 = Debug|Any CPU
		{7DBFE77B-63BB-403B-AEA4-50D2777E7342}.Debug|x86.ActiveCfg = Debug|Any CPU
		{7DBFE77B-63BB-403B-AEA4-50D2777E7342}.Debug|x86.Build.0 = Debug|Any CPU
		{7DBFE77B-63BB-403B-AEA4-50D2777E7342}.Release|Any CPU.ActiveCfg = Release|Any CPU
		{7DBFE77B-63BB-403B-AEA4-50D2777E7342}.Release|Any CPU.Build.0 = Release|Any CPU
		{7DBFE77B-63BB-403B-AEA4-50D2777E7342}.Release|x64.ActiveCfg = Release|Any CPU
		{7DBFE77B-63BB-403B-AEA4-50D2777E7342}.Release|x64.Build.0 = Release|Any CPU
		{7DBFE77B-63BB-403B-AEA4-50D2777E7342}.Release|x86.ActiveCfg = Release|Any CPU
		{7DBFE77B-63BB-403B-AEA4-50D2777E7342}.Release|x86.Build.0 = Release|Any CPU
	EndGlobalSection
EndGlobal
